{
  "version": 4,
  "terraform_version": "1.4.0",
  "serial": 3,
  "lineage": "cc5ac96d-6132-dc38-1479-07834d26731f",
  "outputs": {},
  "resources": [
    {
      "mode": "managed",
      "type": "docker_image",
      "name": "my_fastapi_res",
      "provider": "provider[\"registry.terraform.io/kreuzwerker/docker\"]",
      "instances": [
        {
          "schema_version": 0,
          "attributes": {
            "build": [
              {
                "build_arg": {
                  "name": "my_fastapi"
                },
                "dockerfile": "Dockerfile",
                "force_remove": null,
                "label": {
                  "author": "berkayalan"
                },
                "no_cache": null,
                "path": ".",
                "remove": true,
                "tag": [
                  "my_fastapi:develop"
                ],
                "target": ""
              }
            ],
            "force_remove": null,
            "id": "sha256:7d2d697d3506ee12f0451993c974abf2cc8dab6cb07aadf66e0a3571f319a37amy_fastapi",
            "image_id": "sha256:7d2d697d3506ee12f0451993c974abf2cc8dab6cb07aadf66e0a3571f319a37a",
            "keep_locally": null,
            "latest": "sha256:7d2d697d3506ee12f0451993c974abf2cc8dab6cb07aadf66e0a3571f319a37a",
            "name": "my_fastapi",
            "output": null,
            "pull_trigger": null,
            "pull_triggers": null,
            "repo_digest": "",
            "triggers": null
          },
          "sensitive_attributes": [],
          "private": "bnVsbA=="
        }
      ]
    }
  ],
  "check_results": null
}
